// !$*UTF8*$!
{
	archiveVersion = 1;
	classes = {
	};
	objectVersion = 50;
	objects = {

/* Begin PBXBuildFile section */
		C97770492245E0D800785EE5 /* AppDelegate.swift in Sources */ = {isa = PBXBuildFile; fileRef = C97770482245E0D800785EE5 /* AppDelegate.swift */; };
		C977704B2245E0D800785EE5 /* ViewController.swift in Sources */ = {isa = PBXBuildFile; fileRef = C977704A2245E0D800785EE5 /* ViewController.swift */; };
		C977704E2245E0D800785EE5 /* Main.storyboard in Resources */ = {isa = PBXBuildFile; fileRef = C977704C2245E0D800785EE5 /* Main.storyboard */; };
		C97770502245E0D900785EE5 /* Assets.xcassets in Resources */ = {isa = PBXBuildFile; fileRef = C977704F2245E0D900785EE5 /* Assets.xcassets */; };
		C97770532245E0D900785EE5 /* LaunchScreen.storyboard in Resources */ = {isa = PBXBuildFile; fileRef = C97770512245E0D900785EE5 /* LaunchScreen.storyboard */; };
		C977705E2245E0D900785EE5 /* CoinFlipTests.swift in Sources */ = {isa = PBXBuildFile; fileRef = C977705D2245E0D900785EE5 /* CoinFlipTests.swift */; };
		C97770692245E0D900785EE5 /* CoinFlipUITests.swift in Sources */ = {isa = PBXBuildFile; fileRef = C97770682245E0D900785EE5 /* CoinFlipUITests.swift */; };
/* End PBXBuildFile section */

/* Begin PBXContainerItemProxy section */
		C977705A2245E0D900785EE5 /* PBXContainerItemProxy */ = {
			isa = PBXContainerItemProxy;
			containerPortal = C977703D2245E0D800785EE5 /* Project object */;
			proxyType = 1;
			remoteGlobalIDString = C97770442245E0D800785EE5;
			remoteInfo = CoinFlip;
		};
		C97770652245E0D900785EE5 /* PBXContainerItemProxy */ = {
			isa = PBXContainerItemProxy;
			containerPortal = C977703D2245E0D800785EE5 /* Project object */;
			proxyType = 1;
			remoteGlobalIDString = C97770442245E0D800785EE5;
			remoteInfo = CoinFlip;
		};
/* End PBXContainerItemProxy section */

/* Begin PBXFileReference section */
		C97770452245E0D800785EE5 /* CoinFlip.app */ = {isa = PBXFileReference; explicitFileType = wrapper.application; includeInIndex = 0; path = CoinFlip.app; sourceTree = BUILT_PRODUCTS_DIR; };
		C97770482245E0D800785EE5 /* AppDelegate.swift */ = {isa = PBXFileReference; lastKnownFileType = sourcecode.swift; path = AppDelegate.swift; sourceTree = "<group>"; };
		C977704A2245E0D800785EE5 /* ViewController.swift */ = {isa = PBXFileReference; lastKnownFileType = sourcecode.swift; path = ViewController.swift; sourceTree = "<group>"; };
		C977704D2245E0D800785EE5 /* Base */ = {isa = PBXFileReference; lastKnownFileType = file.storyboard; name = Base; path = Base.lproj/Main.storyboard; sourceTree = "<group>"; };
		C977704F2245E0D900785EE5 /* Assets.xcassets */ = {isa = PBXFileReference; lastKnownFileType = folder.assetcatalog; path = Assets.xcassets; sourceTree = "<group>"; };
		C97770522245E0D900785EE5 /* Base */ = {isa = PBXFileReference; lastKnownFileType = file.storyboard; name = Base; path = Base.lproj/LaunchScreen.storyboard; sourceTree = "<group>"; };
		C97770542245E0D900785EE5 /* Info.plist */ = {isa = PBXFileReference; lastKnownFileType = text.plist.xml; path = Info.plist; sourceTree = "<group>"; };
		C97770592245E0D900785EE5 /* CoinFlipTests.xctest */ = {isa = PBXFileReference; explicitFileType = wrapper.cfbundle; includeInIndex = 0; path = CoinFlipTests.xctest; sourceTree = BUILT_PRODUCTS_DIR; };
		C977705D2245E0D900785EE5 /* CoinFlipTests.swift */ = {isa = PBXFileReference; lastKnownFileType = sourcecode.swift; path = CoinFlipTests.swift; sourceTree = "<group>"; };
		C977705F2245E0D900785EE5 /* Info.plist */ = {isa = PBXFileReference; lastKnownFileType = text.plist.xml; path = Info.plist; sourceTree = "<group>"; };
		C97770642245E0D900785EE5 /* CoinFlipUITests.xctest */ = {isa = PBXFileReference; explicitFileType = wrapper.cfbundle; includeInIndex = 0; path = CoinFlipUITests.xctest; sourceTree = BUILT_PRODUCTS_DIR; };
		C97770682245E0D900785EE5 /* CoinFlipUITests.swift */ = {isa = PBXFileReference; lastKnownFileType = sourcecode.swift; path = CoinFlipUITests.swift; sourceTree = "<group>"; };
		C977706A2245E0D900785EE5 /* Info.plist */ = {isa = PBXFileReference; lastKnownFileType = text.plist.xml; path = Info.plist; sourceTree = "<group>"; };
/* End PBXFileReference section */

/* Begin PBXFrameworksBuildPhase section */
		C97770422245E0D800785EE5 /* Frameworks */ = {
			isa = PBXFrameworksBuildPhase;
			buildActionMask = 2147483647;
			files = (
			);
			runOnlyForDeploymentPostprocessing = 0;
		};
		C97770562245E0D900785EE5 /* Frameworks */ = {
			isa = PBXFrameworksBuildPhase;
			buildActionMask = 2147483647;
			files = (
			);
			runOnlyForDeploymentPostprocessing = 0;
		};
		C97770612245E0D900785EE5 /* Frameworks */ = {
			isa = PBXFrameworksBuildPhase;
			buildActionMask = 2147483647;
			files = (
			);
			runOnlyForDeploymentPostprocessing = 0;
		};
/* End PBXFrameworksBuildPhase section */

/* Begin PBXGroup section */
		C977703C2245E0D800785EE5 = {
			isa = PBXGroup;
			children = (
				C97770472245E0D800785EE5 /* CoinFlip */,
				C977705C2245E0D900785EE5 /* CoinFlipTests */,
				C97770672245E0D900785EE5 /* CoinFlipUITests */,
				C97770462245E0D800785EE5 /* Products */,
			);
			sourceTree = "<group>";
		};
		C97770462245E0D800785EE5 /* Products */ = {
			isa = PBXGroup;
			children = (
				C97770452245E0D800785EE5 /* CoinFlip.app */,
				C97770592245E0D900785EE5 /* CoinFlipTests.xctest */,
				C97770642245E0D900785EE5 /* CoinFlipUITests.xctest */,
			);
			name = Products;
			sourceTree = "<group>";
		};
		C97770472245E0D800785EE5 /* CoinFlip */ = {
			isa = PBXGroup;
			children = (
				C97770482245E0D800785EE5 /* AppDelegate.swift */,
				C977704A2245E0D800785EE5 /* ViewController.swift */,
				C977704C2245E0D800785EE5 /* Main.storyboard */,
				C977704F2245E0D900785EE5 /* Assets.xcassets */,
				C97770512245E0D900785EE5 /* LaunchScreen.storyboard */,
				C97770542245E0D900785EE5 /* Info.plist */,
			);
			path = CoinFlip;
			sourceTree = "<group>";
		};
		C977705C2245E0D900785EE5 /* CoinFlipTests */ = {
			isa = PBXGroup;
			children = (
				C977705D2245E0D900785EE5 /* CoinFlipTests.swift */,
				C977705F2245E0D900785EE5 /* Info.plist */,
			);
			path = CoinFlipTests;
			sourceTree = "<group>";
		};
		C97770672245E0D900785EE5 /* CoinFlipUITests */ = {
			isa = PBXGroup;
			children = (
				C97770682245E0D900785EE5 /* CoinFlipUITests.swift */,
				C977706A2245E0D900785EE5 /* Info.plist */,
			);
			path = CoinFlipUITests;
			sourceTree = "<group>";
		};
/* End PBXGroup section */

/* Begin PBXNativeTarget section */
		C97770442245E0D800785EE5 /* CoinFlip */ = {
			isa = PBXNativeTarget;
			buildConfigurationList = C977706D2245E0D900785EE5 /* Build configuration list for PBXNativeTarget "CoinFlip" */;
			buildPhases = (
				C97770412245E0D800785EE5 /* Sources */,
				C97770422245E0D800785EE5 /* Frameworks */,
				C97770432245E0D800785EE5 /* Resources */,
			);
			buildRules = (
			);
			dependencies = (
			);
			name = CoinFlip;
			productName = CoinFlip;
			productReference = C97770452245E0D800785EE5 /* CoinFlip.app */;
			productType = "com.apple.product-type.application";
		};
		C97770582245E0D900785EE5 /* CoinFlipTests */ = {
			isa = PBXNativeTarget;
			buildConfigurationList = C97770702245E0D900785EE5 /* Build configuration list for PBXNativeTarget "CoinFlipTests" */;
			buildPhases = (
				C97770552245E0D900785EE5 /* Sources */,
				C97770562245E0D900785EE5 /* Frameworks */,
				C97770572245E0D900785EE5 /* Resources */,
			);
			buildRules = (
			);
			dependencies = (
				C977705B2245E0D900785EE5 /* PBXTargetDependency */,
			);
			name = CoinFlipTests;
			productName = CoinFlipTests;
			productReference = C97770592245E0D900785EE5 /* CoinFlipTests.xctest */;
			productType = "com.apple.product-type.bundle.unit-test";
		};
		C97770632245E0D900785EE5 /* CoinFlipUITests */ = {
			isa = PBXNativeTarget;
			buildConfigurationList = C97770732245E0D900785EE5 /* Build configuration list for PBXNativeTarget "CoinFlipUITests" */;
			buildPhases = (
				C97770602245E0D900785EE5 /* Sources */,
				C97770612245E0D900785EE5 /* Frameworks */,
				C97770622245E0D900785EE5 /* Resources */,
			);
			buildRules = (
			);
			dependencies = (
				C97770662245E0D900785EE5 /* PBXTargetDependency */,
			);
			name = CoinFlipUITests;
			productName = CoinFlipUITests;
			productReference = C97770642245E0D900785EE5 /* CoinFlipUITests.xctest */;
			productType = "com.apple.product-type.bundle.ui-testing";
		};
/* End PBXNativeTarget section */

/* Begin PBXProject section */
		C977703D2245E0D800785EE5 /* Project object */ = {
			isa = PBXProject;
			attributes = {
				LastSwiftUpdateCheck = 1010;
				LastUpgradeCheck = 1010;
				ORGANIZATIONNAME = "Konstantin Hristev";
				TargetAttributes = {
					C97770442245E0D800785EE5 = {
						CreatedOnToolsVersion = 10.1;
					};
					C97770582245E0D900785EE5 = {
						CreatedOnToolsVersion = 10.1;
						TestTargetID = C97770442245E0D800785EE5;
					};
					C97770632245E0D900785EE5 = {
						CreatedOnToolsVersion = 10.1;
						TestTargetID = C97770442245E0D800785EE5;
					};
				};
			};
			buildConfigurationList = C97770402245E0D800785EE5 /* Build configuration list for PBXProject "CoinFlip" */;
			compatibilityVersion = "Xcode 9.3";
			developmentRegion = en;
			hasScannedForEncodings = 0;
			knownRegions = (
				en,
				Base,
			);
			mainGroup = C977703C2245E0D800785EE5;
			productRefGroup = C97770462245E0D800785EE5 /* Products */;
			projectDirPath = "";
			projectRoot = "";
			targets = (
				C97770442245E0D800785EE5 /* CoinFlip */,
				C97770582245E0D900785EE5 /* CoinFlipTests */,
				C97770632245E0D900785EE5 /* CoinFlipUITests */,
			);
		};
/* End PBXProject section */

/* Begin PBXResourcesBuildPhase section */
		C97770432245E0D800785EE5 /* Resources */ = {
			isa = PBXResourcesBuildPhase;
			buildActionMask = 2147483647;
			files = (
				C97770532245E0D900785EE5 /* LaunchScreen.storyboard in Resources */,
				C97770502245E0D900785EE5 /* Assets.xcassets in Resources */,
				C977704E2245E0D800785EE5 /* Main.storyboard in Resources */,
			);
			runOnlyForDeploymentPostprocessing = 0;
		};
		C97770572245E0D900785EE5 /* Resources */ = {
			isa = PBXResourcesBuildPhase;
			buildActionMask = 2147483647;
			files = (
			);
			runOnlyForDeploymentPostprocessing = 0;
		};
		C97770622245E0D900785EE5 /* Resources */ = {
			isa = PBXResourcesBuildPhase;
			buildActionMask = 2147483647;
			files = (
			);
			runOnlyForDeploymentPostprocessing = 0;
		};
/* End PBXResourcesBuildPhase section */

/* Begin PBXSourcesBuildPhase section */
		C97770412245E0D800785EE5 /* Sources */ = {
			isa = PBXSourcesBuildPhase;
			buildActionMask = 2147483647;
			files = (
				C977704B2245E0D800785EE5 /* ViewController.swift in Sources */,
				C97770492245E0D800785EE5 /* AppDelegate.swift in Sources */,
			);
			runOnlyForDeploymentPostprocessing = 0;
		};
		C97770552245E0D900785EE5 /* Sources */ = {
			isa = PBXSourcesBuildPhase;
			buildActionMask = 2147483647;
			files = (
				C977705E2245E0D900785EE5 /* CoinFlipTests.swift in Sources */,
			);
			runOnlyForDeploymentPostprocessing = 0;
		};
		C97770602245E0D900785EE5 /* Sources */ = {
			isa = PBXSourcesBuildPhase;
			buildActionMask = 2147483647;
			files = (
				C97770692245E0D900785EE5 /* CoinFlipUITests.swift in Sources */,
			);
			runOnlyForDeploymentPostprocessing = 0;
		};
/* End PBXSourcesBuildPhase section */

/* Begin PBXTargetDependency section */
		C977705B2245E0D900785EE5 /* PBXTargetDependency */ = {
			isa = PBXTargetDependency;
			target = C97770442245E0D800785EE5 /* CoinFlip */;
			targetProxy = C977705A2245E0D900785EE5 /* PBXContainerItemProxy */;
		};
		C97770662245E0D900785EE5 /* PBXTargetDependency */ = {
			isa = PBXTargetDependency;
			target = C97770442245E0D800785EE5 /* CoinFlip */;
			targetProxy = C97770652245E0D900785EE5 /* PBXContainerItemProxy */;
		};
/* End PBXTargetDependency section */

/* Begin PBXVariantGroup section */
		C977704C2245E0D800785EE5 /* Main.storyboard */ = {
			isa = PBXVariantGroup;
			children = (
				C977704D2245E0D800785EE5 /* Base */,
			);
			name = Main.storyboard;
			sourceTree = "<group>";
		};
		C97770512245E0D900785EE5 /* LaunchScreen.storyboard */ = {
			isa = PBXVariantGroup;
			children = (
				C97770522245E0D900785EE5 /* Base */,
			);
			name = LaunchScreen.storyboard;
			sourceTree = "<group>";
		};
/* End PBXVariantGroup section */

/* Begin XCBuildConfiguration section */
		C977706B2245E0D900785EE5 /* Debug */ = {
			isa = XCBuildConfiguration;
			buildSettings = {
				ALWAYS_SEARCH_USER_PATHS = NO;
				CLANG_ANALYZER_NONNULL = YES;
				CLANG_ANALYZER_NUMBER_OBJECT_CONVERSION = YES_AGGRESSIVE;
				CLANG_CXX_LANGUAGE_STANDARD = "gnu++14";
				CLANG_CXX_LIBRARY = "libc++";
				CLANG_ENABLE_MODULES = YES;
				CLANG_ENABLE_OBJC_ARC = YES;
				CLANG_ENABLE_OBJC_WEAK = YES;
				CLANG_WARN_BLOCK_CAPTURE_AUTORELEASING = YES;
				CLANG_WARN_BOOL_CONVERSION = YES;
				CLANG_WARN_COMMA = YES;
				CLANG_WARN_CONSTANT_CONVERSION = YES;
				CLANG_WARN_DEPRECATED_OBJC_IMPLEMENTATIONS = YES;
				CLANG_WARN_DIRECT_OBJC_ISA_USAGE = YES_ERROR;
				CLANG_WARN_DOCUMENTATION_COMMENTS = YES;
				CLANG_WARN_EMPTY_BODY = YES;
				CLANG_WARN_ENUM_CONVERSION = YES;
				CLANG_WARN_INFINITE_RECURSION = YES;
				CLANG_WARN_INT_CONVERSION = YES;
				CLANG_WARN_NON_LITERAL_NULL_CONVERSION = YES;
				CLANG_WARN_OBJC_IMPLICIT_RETAIN_SELF = YES;
				CLANG_WARN_OBJC_LITERAL_CONVERSION = YES;
				CLANG_WARN_OBJC_ROOT_CLASS = YES_ERROR;
				CLANG_WARN_RANGE_LOOP_ANALYSIS = YES;
				CLANG_WARN_STRICT_PROTOTYPES = YES;
				CLANG_WARN_SUSPICIOUS_MOVE = YES;
				CLANG_WARN_UNGUARDED_AVAILABILITY = YES_AGGRESSIVE;
				CLANG_WARN_UNREACHABLE_CODE = YES;
				CLANG_WARN__DUPLICATE_METHOD_MATCH = YES;
				CODE_SIGN_IDENTITY = "iPhone Developer";
				COPY_PHASE_STRIP = NO;
				DEBUG_INFORMATION_FORMAT = dwarf;
				DEVELOPMENT_TEAM = HHJ3JBURR6;
				ENABLE_STRICT_OBJC_MSGSEND = YES;
				ENABLE_TESTABILITY = YES;
				GCC_C_LANGUAGE_STANDARD = gnu11;
				GCC_DYNAMIC_NO_PIC = NO;
				GCC_NO_COMMON_BLOCKS = YES;
				GCC_OPTIMIZATION_LEVEL = 0;
				GCC_PREPROCESSOR_DEFINITIONS = (
					"DEBUG=1",
					"$(inherited)",
				);
				GCC_WARN_64_TO_32_BIT_CONVERSION = YES;
				GCC_WARN_ABOUT_RETURN_TYPE = YES_ERROR;
				GCC_WARN_UNDECLARED_SELECTOR = YES;
				GCC_WARN_UNINITIALIZED_AUTOS = YES_AGGRESSIVE;
				GCC_WARN_UNUSED_FUNCTION = YES;
				GCC_WARN_UNUSED_VARIABLE = YES;
				IPHONEOS_DEPLOYMENT_TARGET = 12.1;
				MTL_ENABLE_DEBUG_INFO = INCLUDE_SOURCE;
				MTL_FAST_MATH = YES;
				ONLY_ACTIVE_ARCH = YES;
				SDKROOT = iphoneos;
				SWIFT_ACTIVE_COMPILATION_CONDITIONS = DEBUG;
				SWIFT_OPTIMIZATION_LEVEL = "-Onone";
			};
			name = Debug;
		};
		C977706C2245E0D900785EE5 /* Release */ = {
			isa = XCBuildConfiguration;
			buildSettings = {
				ALWAYS_SEARCH_USER_PATHS = NO;
				CLANG_ANALYZER_NONNULL = YES;
				CLANG_ANALYZER_NUMBER_OBJECT_CONVERSION = YES_AGGRESSIVE;
				CLANG_CXX_LANGUAGE_STANDARD = "gnu++14";
				CLANG_CXX_LIBRARY = "libc++";
				CLANG_ENABLE_MODULES = YES;
				CLANG_ENABLE_OBJC_ARC = YES;
				CLANG_ENABLE_OBJC_WEAK = YES;
				CLANG_WARN_BLOCK_CAPTURE_AUTORELEASING = YES;
				CLANG_WARN_BOOL_CONVERSION = YES;
				CLANG_WARN_COMMA = YES;
				CLANG_WARN_CONSTANT_CONVERSION = YES;
				CLANG_WARN_DEPRECATED_OBJC_IMPLEMENTATIONS = YES;
				CLANG_WARN_DIRECT_OBJC_ISA_USAGE = YES_ERROR;
				CLANG_WARN_DOCUMENTATION_COMMENTS = YES;
				CLANG_WARN_EMPTY_BODY = YES;
				CLANG_WARN_ENUM_CONVERSION = YES;
				CLANG_WARN_INFINITE_RECURSION = YES;
				CLANG_WARN_INT_CONVERSION = YES;
				CLANG_WARN_NON_LITERAL_NULL_CONVERSION = YES;
				CLANG_WARN_OBJC_IMPLICIT_RETAIN_SELF = YES;
				CLANG_WARN_OBJC_LITERAL_CONVERSION = YES;
				CLANG_WARN_OBJC_ROOT_CLASS = YES_ERROR;
				CLANG_WARN_RANGE_LOOP_ANALYSIS = YES;
				CLANG_WARN_STRICT_PROTOTYPES = YES;
				CLANG_WARN_SUSPICIOUS_MOVE = YES;
				CLANG_WARN_UNGUARDED_AVAILABILITY = YES_AGGRESSIVE;
				CLANG_WARN_UNREACHABLE_CODE = YES;
				CLANG_WARN__DUPLICATE_METHOD_MATCH = YES;
				CODE_SIGN_IDENTITY = "iPhone Developer";
				COPY_PHASE_STRIP = NO;
				DEBUG_INFORMATION_FORMAT = "dwarf-with-dsym";
				DEVELOPMENT_TEAM = HHJ3JBURR6;
				ENABLE_NS_ASSERTIONS = NO;
				ENABLE_STRICT_OBJC_MSGSEND = YES;
				GCC_C_LANGUAGE_STANDARD = gnu11;
				GCC_NO_COMMON_BLOCKS = YES;
				GCC_WARN_64_TO_32_BIT_CONVERSION = YES;
				GCC_WARN_ABOUT_RETURN_TYPE = YES_ERROR;
				GCC_WARN_UNDECLARED_SELECTOR = YES;
				GCC_WARN_UNINITIALIZED_AUTOS = YES_AGGRESSIVE;
				GCC_WARN_UNUSED_FUNCTION = YES;
				GCC_WARN_UNUSED_VARIABLE = YES;
				IPHONEOS_DEPLOYMENT_TARGET = 12.1;
				MTL_ENABLE_DEBUG_INFO = NO;
				MTL_FAST_MATH = YES;
				SDKROOT = iphoneos;
				SWIFT_COMPILATION_MODE = wholemodule;
				SWIFT_OPTIMIZATION_LEVEL = "-O";
				VALIDATE_PRODUCT = YES;
			};
			name = Release;
		};
		C977706E2245E0D900785EE5 /* Debug */ = {
			isa = XCBuildConfiguration;
			buildSettings = {
				ASSETCATALOG_COMPILER_APPICON_NAME = AppIcon;
				CODE_SIGN_STYLE = Automatic;
				INFOPLIST_FILE = CoinFlip/Info.plist;
				LD_RUNPATH_SEARCH_PATHS = (
					"$(inherited)",
					"@executable_path/Frameworks",
				);
				PRODUCT_BUNDLE_IDENTIFIER = com.KonstH.CoinFlip;
				PRODUCT_NAME = "$(TARGET_NAME)";
				SWIFT_VERSION = 4.2;
				TARGETED_DEVICE_FAMILY = "1,2";
			};
			name = Debug;
		};
		C977706F2245E0D900785EE5 /* Release */ = {
			isa = XCBuildConfiguration;
			buildSettings = {
				ASSETCATALOG_COMPILER_APPICON_NAME = AppIcon;
				CODE_SIGN_STYLE = Automatic;
				INFOPLIST_FILE = CoinFlip/Info.plist;
				LD_RUNPATH_SEARCH_PATHS = (
					"$(inherited)",
					"@executable_path/Frameworks",
				);
				PRODUCT_BUNDLE_IDENTIFIER = com.KonstH.CoinFlip;
				PRODUCT_NAME = "$(TARGET_NAME)";
				SWIFT_VERSION = 4.2;
				TARGETED_DEVICE_FAMILY = "1,2";
			};
			name = Release;
		};
		C97770712245E0D900785EE5 /* Debug */ = {
			isa = XCBuildConfiguration;
			buildSettings = {
				ALWAYS_EMBED_SWIFT_STANDARD_LIBRARIES = YES;
				BUNDLE_LOADER = "$(TEST_HOST)";
				CODE_SIGN_STYLE = Automatic;
				INFOPLIST_FILE = CoinFlipTests/Info.plist;
				LD_RUNPATH_SEARCH_PATHS = (
					"$(inherited)",
					"@executable_path/Frameworks",
					"@loader_path/Frameworks",
				);
				PRODUCT_BUNDLE_IDENTIFIER = com.KonstH.CoinFlipTests;
				PRODUCT_NAME = "$(TARGET_NAME)";
				SWIFT_VERSION = 4.2;
				TARGETED_DEVICE_FAMILY = "1,2";
				TEST_HOST = "$(BUILT_PRODUCTS_DIR)/CoinFlip.app/CoinFlip";
			};
			name = Debug;
		};
		C97770722245E0D900785EE5 /* Release */ = {
			isa = XCBuildConfiguration;
			buildSettings = {
				ALWAYS_EMBED_SWIFT_STANDARD_LIBRARIES = YES;
				BUNDLE_LOADER = "$(TEST_HOST)";
				CODE_SIGN_STYLE = Automatic;
				INFOPLIST_FILE = CoinFlipTests/Info.plist;
				LD_RUNPATH_SEARCH_PATHS = (
					"$(inherited)",
					"@executable_path/Frameworks",
					"@loader_path/Frameworks",
				);
				PRODUCT_BUNDLE_IDENTIFIER = com.KonstH.CoinFlipTests;
				PRODUCT_NAME = "$(TARGET_NAME)";
				SWIFT_VERSION = 4.2;
				TARGETED_DEVICE_FAMILY = "1,2";
				TEST_HOST = "$(BUILT_PRODUCTS_DIR)/CoinFlip.app/CoinFlip";
			};
			name = Release;
		};
		C97770742245E0D900785EE5 /* Debug */ = {
			isa = XCBuildConfiguration;
			buildSettings = {
				ALWAYS_EMBED_SWIFT_STANDARD_LIBRARIES = YES;
				CODE_SIGN_STYLE = Automatic;
				INFOPLIST_FILE = CoinFlipUITests/Info.plist;
				LD_RUNPATH_SEARCH_PATHS = (
					"$(inherited)",
					"@executable_path/Frameworks",
					"@loader_path/Frameworks",
				);
				PRODUCT_BUNDLE_IDENTIFIER = com.KonstH.CoinFlipUITests;
				PRODUCT_NAME = "$(TARGET_NAME)";
				SWIFT_VERSION = 4.2;
				TARGETED_DEVICE_FAMILY = "1,2";
				TEST_TARGET_NAME = CoinFlip;
			};
			name = Debug;
		};
		C97770752245E0D900785EE5 /* Release */ = {
			isa = XCBuildConfiguration;
			buildSettings = {
				ALWAYS_EMBED_SWIFT_STANDARD_LIBRARIES = YES;
				CODE_SIGN_STYLE = Automatic;
				INFOPLIST_FILE = CoinFlipUITests/Info.plist;
				LD_RUNPATH_SEARCH_PATHS = (
					"$(inherited)",
					"@executable_path/Frameworks",
					"@loader_path/Frameworks",
				);
				PRODUCT_BUNDLE_IDENTIFIER = com.KonstH.CoinFlipUITests;
				PRODUCT_NAME = "$(TARGET_NAME)";
				SWIFT_VERSION = 4.2;
				TARGETED_DEVICE_FAMILY = "1,2";
				TEST_TARGET_NAME = CoinFlip;
			};
			name = Release;
		};
/* End XCBuildConfiguration section */

/* Begin XCConfigurationList section */
		C97770402245E0D800785EE5 /* Build configuration list for PBXProject "CoinFlip" */ = {
			isa = XCConfigurationList;
			buildConfigurations = (
				C977706B2245E0D900785EE5 /* Debug */,
				C977706C2245E0D900785EE5 /* Release */,
			);
			defaultConfigurationIsVisible = 0;
			defaultConfigurationName = Release;
		};
		C977706D2245E0D900785EE5 /* Build configuration list for PBXNativeTarget "CoinFlip" */ = {
			isa = XCConfigurationList;
			buildConfigurations = (
				C977706E2245E0D900785EE5 /* Debug */,
				C977706F2245E0D900785EE5 /* Release */,
			);
			defaultConfigurationIsVisible = 0;
			defaultConfigurationName = Release;
		};
		C97770702245E0D900785EE5 /* Build configuration list for PBXNativeTarget "CoinFlipTests" */ = {
			isa = XCConfigurationList;
			buildConfigurations = (
				C97770712245E0D900785EE5 /* Debug */,
				C97770722245E0D900785EE5 /* Release */,
			);
			defaultConfigurationIsVisible = 0;
			defaultConfigurationName = Release;
		};
		C97770732245E0D900785EE5 /* Build configuration list for PBXNativeTarget "CoinFlipUITests" */ = {
			isa = XCConfigurationList;
			buildConfigurations = (
				C97770742245E0D900785EE5 /* Debug */,
				C97770752245E0D900785EE5 /* Release */,
			);
			defaultConfigurationIsVisible = 0;
			defaultConfigurationName = Release;
		};
/* End XCConfigurationList section */
	};
	rootObject = C977703D2245E0D800785EE5 /* Project object */;
}
